
Microsoft Visual Studio Solution File, Format Version 12.00
# Visual Studio Version 17
VisualStudioVersion = 17.14.35906.104
MinimumVisualStudioVersion = 10.0.40219.1
Project("{FAE04EC0-301F-11D3-BF4B-00C04F79EFBC}") = "VL.Avalonia", "VL.Avalonia\src\VL.Avalonia.csproj", "{88EF5DE4-FC95-52C7-F36D-F0366FF77315}"
EndProject
Project("{FAE04EC0-301F-11D3-BF4B-00C04F79EFBC}") = "VL.Avalonia.CodeGen", "VL.Avalonia.CodeGen\VL.Avalonia.CodeGen.csproj", "{48081AAB-3B6B-44A4-B4AD-DE90523C8ACC}"
EndProject
Project("{FAE04EC0-301F-11D3-BF4B-00C04F79EFBC}") = "VL.Avalonia.Custom", "VL.Avalonia.Custom\src\VL.Avalonia.Custom.csproj", "{4F7EB55B-9499-DAC3-2904-0EEC41A14846}"
EndProject
Project("{FAE04EC0-301F-11D3-BF4B-00C04F79EFBC}") = "VL.Avalonia.Skia", "VL.Avalonia.Skia\src\VL.Avalonia.Skia.csproj", "{23AB46CF-7BF6-A64B-8494-FDEB10BDA8E0}"
EndProject
Project("{FAE04EC0-301F-11D3-BF4B-00C04F79EFBC}") = "VL.Avalonia.Windows", "VL.Avalonia.Windows\src\VL.Avalonia.Windows.csproj", "{B8199B17-3B4F-50CC-759D-A35DA8FB5FC2}"
EndProject
Global
	GlobalSection(SolutionConfigurationPlatforms) = preSolution
		Debug|Any CPU = Debug|Any CPU
		Release|Any CPU = Release|Any CPU
	EndGlobalSection
	GlobalSection(ProjectConfigurationPlatforms) = postSolution
		{88EF5DE4-FC95-52C7-F36D-F0366FF77315}.Debug|Any CPU.ActiveCfg = Debug|Any CPU
		{88EF5DE4-FC95-52C7-F36D-F0366FF77315}.Debug|Any CPU.Build.0 = Debug|Any CPU
		{88EF5DE4-FC95-52C7-F36D-F0366FF77315}.Release|Any CPU.ActiveCfg = Release|Any CPU
		{88EF5DE4-FC95-52C7-F36D-F0366FF77315}.Release|Any CPU.Build.0 = Release|Any CPU
		{48081AAB-3B6B-44A4-B4AD-DE90523C8ACC}.Debug|Any CPU.ActiveCfg = Debug|Any CPU
		{48081AAB-3B6B-44A4-B4AD-DE90523C8ACC}.Debug|Any CPU.Build.0 = Debug|Any CPU
		{48081AAB-3B6B-44A4-B4AD-DE90523C8ACC}.Release|Any CPU.ActiveCfg = Release|Any CPU
		{48081AAB-3B6B-44A4-B4AD-DE90523C8ACC}.Release|Any CPU.Build.0 = Release|Any CPU
		{4F7EB55B-9499-DAC3-2904-0EEC41A14846}.Debug|Any CPU.ActiveCfg = Debug|Any CPU
		{4F7EB55B-9499-DAC3-2904-0EEC41A14846}.Debug|Any CPU.Build.0 = Debug|Any CPU
		{4F7EB55B-9499-DAC3-2904-0EEC41A14846}.Release|Any CPU.ActiveCfg = Release|Any CPU
		{4F7EB55B-9499-DAC3-2904-0EEC41A14846}.Release|Any CPU.Build.0 = Release|Any CPU
		{23AB46CF-7BF6-A64B-8494-FDEB10BDA8E0}.Debug|Any CPU.ActiveCfg = Debug|Any CPU
		{23AB46CF-7BF6-A64B-8494-FDEB10BDA8E0}.Debug|Any CPU.Build.0 = Debug|Any CPU
		{23AB46CF-7BF6-A64B-8494-FDEB10BDA8E0}.Release|Any CPU.ActiveCfg = Release|Any CPU
		{23AB46CF-7BF6-A64B-8494-FDEB10BDA8E0}.Release|Any CPU.Build.0 = Release|Any CPU
		{B8199B17-3B4F-50CC-759D-A35DA8FB5FC2}.Debug|Any CPU.ActiveCfg = Debug|Any CPU
		{B8199B17-3B4F-50CC-759D-A35DA8FB5FC2}.Debug|Any CPU.Build.0 = Debug|Any CPU
		{B8199B17-3B4F-50CC-759D-A35DA8FB5FC2}.Release|Any CPU.ActiveCfg = Release|Any CPU
		{B8199B17-3B4F-50CC-759D-A35DA8FB5FC2}.Release|Any CPU.Build.0 = Release|Any CPU
	EndGlobalSection
	GlobalSection(SolutionProperties) = preSolution
		HideSolutionNode = FALSE
	EndGlobalSection
	GlobalSection(ExtensibilityGlobals) = postSolution
		SolutionGuid = {F783E35F-94DD-4CC2-93B7-3DDBB3D9EBAA}
	EndGlobalSection
EndGlobal
