<Solution>
  <Folder Name="/Solution Items/">
    <File Path="Directory.Build.props" />
  </Folder>
  <Project Path="VL.Avalonia.CodeGen/VL.Avalonia.CodeGen.csproj" />
  <Project Path="VL.Avalonia.Custom/src/VL.Avalonia.Custom.csproj" />
  <Project Path="VL.Avalonia.Skia/src/VL.Avalonia.Skia.csproj" />
  <Project Path="VL.Avalonia.Stride/src/VL.Avalonia.Stride.csproj" />
  <Project Path="VL.Avalonia/src/VL.Avalonia.csproj" />
</Solution>
