Microsoft Visual Studio Solution File, Format Version 12.00
# Visual Studio Version 17
VisualStudioVersion = 17.5.2.0
MinimumVisualStudioVersion = 10.0.40219.1
Project("{FAE04EC0-301F-11D3-BF4B-00C04F79EFBC}") = "TouchFormAdapterUtils", "TouchFormAdapterUtils.csproj", "{2E6EA6AC-5107-D2BD-EF88-FB39CD4E1889}"
EndProject
Global
	GlobalSection(SolutionConfigurationPlatforms) = preSolution
		Debug|Any CPU = Debug|Any CPU
		Release|Any CPU = Release|Any CPU
	EndGlobalSection
	GlobalSection(ProjectConfigurationPlatforms) = postSolution
		{2E6EA6AC-5107-D2BD-EF88-FB39CD4E1889}.Debug|Any CPU.ActiveCfg = Debug|Any CPU
		{2E6EA6AC-5107-D2BD-EF88-FB39CD4E1889}.Debug|Any CPU.Build.0 = Debug|Any CPU
		{2E6EA6AC-5107-D2BD-EF88-FB39CD4E1889}.Release|Any CPU.ActiveCfg = Release|Any CPU
		{2E6EA6AC-5107-D2BD-EF88-FB39CD4E1889}.Release|Any CPU.Build.0 = Release|Any CPU
	EndGlobalSection
	GlobalSection(SolutionProperties) = preSolution
		HideSolutionNode = FALSE
	EndGlobalSection
	GlobalSection(ExtensibilityGlobals) = postSolution
		SolutionGuid = {B42B040C-85C7-415D-9F4D-A60395403387}
	EndGlobalSection
EndGlobal
